// !$*UTF8*$!
{
	archiveVersion = 1;
	classes = {
	};
	objectVersion = 56;
	objects = {

/* Begin PBXBuildFile section */
		A429E23C2BB82FB90041FFFA /* BackgroundView.swift in Sources */ = {isa = PBXBuildFile; fileRef = A429E23B2BB82FB90041FFFA /* BackgroundView.swift */; };
		A429E23F2BB831DA0041FFFA /* CityTextView.swift in Sources */ = {isa = PBXBuildFile; fileRef = A429E23E2BB831DA0041FFFA /* CityTextView.swift */; };
		A429E2412BB832570041FFFA /* MainWeatherStatusView.swift in Sources */ = {isa = PBXBuildFile; fileRef = A429E2402BB832570041FFFA /* MainWeatherStatusView.swift */; };
		A429E2442BB8418C0041FFFA /* CurrentWeatherDTO.swift in Sources */ = {isa = PBXBuildFile; fileRef = A429E2432BB8418C0041FFFA /* CurrentWeatherDTO.swift */; };
		A429E2472BB841DA0041FFFA /* NetworkClient.swift in Sources */ = {isa = PBXBuildFile; fileRef = A429E2462BB841DA0041FFFA /* NetworkClient.swift */; };
		A429E2492BB842790041FFFA /* WeatherForecastDTO.swift in Sources */ = {isa = PBXBuildFile; fileRef = A429E2482BB842790041FFFA /* WeatherForecastDTO.swift */; };
		A429E24C2BB843640041FFFA /* URLSession+Extensions.swift in Sources */ = {isa = PBXBuildFile; fileRef = A429E24B2BB843640041FFFA /* URLSession+Extensions.swift */; };
		A429E24F2BB844230041FFFA /* Constants.swift in Sources */ = {isa = PBXBuildFile; fileRef = A429E24E2BB844230041FFFA /* Constants.swift */; };
		A429E2512BB846C90041FFFA /* URLRequest+Extensions.swift in Sources */ = {isa = PBXBuildFile; fileRef = A429E2502BB846C90041FFFA /* URLRequest+Extensions.swift */; };
		A429E2542BB849470041FFFA /* ContentViewViewModel.swift in Sources */ = {isa = PBXBuildFile; fileRef = A429E2532BB849470041FFFA /* ContentViewViewModel.swift */; };
		A44D15182BB703DA0046938F /* WeatherApp_SUIApp.swift in Sources */ = {isa = PBXBuildFile; fileRef = A44D15172BB703DA0046938F /* WeatherApp_SUIApp.swift */; };
		A44D151A2BB703DA0046938F /* ContentView.swift in Sources */ = {isa = PBXBuildFile; fileRef = A44D15192BB703DA0046938F /* ContentView.swift */; };
		A44D151C2BB703DD0046938F /* Assets.xcassets in Resources */ = {isa = PBXBuildFile; fileRef = A44D151B2BB703DD0046938F /* Assets.xcassets */; };
		A44D151F2BB703DD0046938F /* Preview Assets.xcassets in Resources */ = {isa = PBXBuildFile; fileRef = A44D151E2BB703DD0046938F /* Preview Assets.xcassets */; };
		A44D15262BB715560046938F /* WeatherDayView.swift in Sources */ = {isa = PBXBuildFile; fileRef = A44D15252BB715560046938F /* WeatherDayView.swift */; };
		A44D15282BB72ACE0046938F /* WeatherButton.swift in Sources */ = {isa = PBXBuildFile; fileRef = A44D15272BB72ACE0046938F /* WeatherButton.swift */; };
/* End PBXBuildFile section */

/* Begin PBXFileReference section */
		A429E23B2BB82FB90041FFFA /* BackgroundView.swift */ = {isa = PBXFileReference; lastKnownFileType = sourcecode.swift; path = BackgroundView.swift; sourceTree = "<group>"; };
		A429E23E2BB831DA0041FFFA /* CityTextView.swift */ = {isa = PBXFileReference; lastKnownFileType = sourcecode.swift; path = CityTextView.swift; sourceTree = "<group>"; };
		A429E2402BB832570041FFFA /* MainWeatherStatusView.swift */ = {isa = PBXFileReference; lastKnownFileType = sourcecode.swift; path = MainWeatherStatusView.swift; sourceTree = "<group>"; };
		A429E2432BB8418C0041FFFA /* CurrentWeatherDTO.swift */ = {isa = PBXFileReference; lastKnownFileType = sourcecode.swift; path = CurrentWeatherDTO.swift; sourceTree = "<group>"; };
		A429E2462BB841DA0041FFFA /* NetworkClient.swift */ = {isa = PBXFileReference; lastKnownFileType = sourcecode.swift; path = NetworkClient.swift; sourceTree = "<group>"; };
		A429E2482BB842790041FFFA /* WeatherForecastDTO.swift */ = {isa = PBXFileReference; lastKnownFileType = sourcecode.swift; path = WeatherForecastDTO.swift; sourceTree = "<group>"; };
		A429E24B2BB843640041FFFA /* URLSession+Extensions.swift */ = {isa = PBXFileReference; lastKnownFileType = sourcecode.swift; path = "URLSession+Extensions.swift"; sourceTree = "<group>"; };
		A429E24E2BB844230041FFFA /* Constants.swift */ = {isa = PBXFileReference; lastKnownFileType = sourcecode.swift; path = Constants.swift; sourceTree = "<group>"; };
		A429E2502BB846C90041FFFA /* URLRequest+Extensions.swift */ = {isa = PBXFileReference; lastKnownFileType = sourcecode.swift; path = "URLRequest+Extensions.swift"; sourceTree = "<group>"; };
		A429E2532BB849470041FFFA /* ContentViewViewModel.swift */ = {isa = PBXFileReference; lastKnownFileType = sourcecode.swift; path = ContentViewViewModel.swift; sourceTree = "<group>"; };
		A44D15142BB703DA0046938F /* WeatherApp-SUI.app */ = {isa = PBXFileReference; explicitFileType = wrapper.application; includeInIndex = 0; path = "WeatherApp-SUI.app"; sourceTree = BUILT_PRODUCTS_DIR; };
		A44D15172BB703DA0046938F /* WeatherApp_SUIApp.swift */ = {isa = PBXFileReference; lastKnownFileType = sourcecode.swift; path = WeatherApp_SUIApp.swift; sourceTree = "<group>"; };
		A44D15192BB703DA0046938F /* ContentView.swift */ = {isa = PBXFileReference; lastKnownFileType = sourcecode.swift; path = ContentView.swift; sourceTree = "<group>"; };
		A44D151B2BB703DD0046938F /* Assets.xcassets */ = {isa = PBXFileReference; lastKnownFileType = folder.assetcatalog; path = Assets.xcassets; sourceTree = "<group>"; };
		A44D151E2BB703DD0046938F /* Preview Assets.xcassets */ = {isa = PBXFileReference; lastKnownFileType = folder.assetcatalog; path = "Preview Assets.xcassets"; sourceTree = "<group>"; };
		A44D15252BB715560046938F /* WeatherDayView.swift */ = {isa = PBXFileReference; lastKnownFileType = sourcecode.swift; path = WeatherDayView.swift; sourceTree = "<group>"; };
		A44D15272BB72ACE0046938F /* WeatherButton.swift */ = {isa = PBXFileReference; lastKnownFileType = sourcecode.swift; path = WeatherButton.swift; sourceTree = "<group>"; };
/* End PBXFileReference section */

/* Begin PBXFrameworksBuildPhase section */
		A44D15112BB703DA0046938F /* Frameworks */ = {
			isa = PBXFrameworksBuildPhase;
			buildActionMask = 2147483647;
			files = (
			);
			runOnlyForDeploymentPostprocessing = 0;
		};
/* End PBXFrameworksBuildPhase section */

/* Begin PBXGroup section */
		A429E23A2BB82EA10041FFFA /* Views */ = {
			isa = PBXGroup;
			children = (
				A44D15192BB703DA0046938F /* ContentView.swift */,
				A44D15252BB715560046938F /* WeatherDayView.swift */,
				A44D15272BB72ACE0046938F /* WeatherButton.swift */,
				A429E23B2BB82FB90041FFFA /* BackgroundView.swift */,
				A429E23E2BB831DA0041FFFA /* CityTextView.swift */,
				A429E2402BB832570041FFFA /* MainWeatherStatusView.swift */,
			);
			path = Views;
			sourceTree = "<group>";
		};
		A429E23D2BB831A30041FFFA /* Model */ = {
			isa = PBXGroup;
			children = (
				A429E2422BB841810041FFFA /* Network */,
			);
			path = Model;
			sourceTree = "<group>";
		};
		A429E2422BB841810041FFFA /* Network */ = {
			isa = PBXGroup;
			children = (
				A429E2432BB8418C0041FFFA /* CurrentWeatherDTO.swift */,
				A429E2482BB842790041FFFA /* WeatherForecastDTO.swift */,
			);
			path = Network;
			sourceTree = "<group>";
		};
		A429E2452BB841C90041FFFA /* ServiceLayer */ = {
			isa = PBXGroup;
			children = (
				A429E2462BB841DA0041FFFA /* NetworkClient.swift */,
			);
			path = ServiceLayer;
			sourceTree = "<group>";
		};
		A429E24A2BB842FF0041FFFA /* Extensions */ = {
			isa = PBXGroup;
			children = (
				A429E24B2BB843640041FFFA /* URLSession+Extensions.swift */,
				A429E2502BB846C90041FFFA /* URLRequest+Extensions.swift */,
			);
			path = Extensions;
			sourceTree = "<group>";
		};
		A429E24D2BB843DE0041FFFA /* Support */ = {
			isa = PBXGroup;
			children = (
				A44D151B2BB703DD0046938F /* Assets.xcassets */,
				A44D15172BB703DA0046938F /* WeatherApp_SUIApp.swift */,
				A429E24E2BB844230041FFFA /* Constants.swift */,
			);
			path = Support;
			sourceTree = "<group>";
		};
		A429E2522BB849290041FFFA /* ViewModel */ = {
			isa = PBXGroup;
			children = (
				A429E2532BB849470041FFFA /* ContentViewViewModel.swift */,
			);
			path = ViewModel;
			sourceTree = "<group>";
		};
		A44D150B2BB703DA0046938F = {
			isa = PBXGroup;
			children = (
				A44D15162BB703DA0046938F /* WeatherApp-SUI */,
				A44D15152BB703DA0046938F /* Products */,
			);
			sourceTree = "<group>";
		};
		A44D15152BB703DA0046938F /* Products */ = {
			isa = PBXGroup;
			children = (
				A44D15142BB703DA0046938F /* WeatherApp-SUI.app */,
			);
			name = Products;
			sourceTree = "<group>";
		};
		A44D15162BB703DA0046938F /* WeatherApp-SUI */ = {
			isa = PBXGroup;
			children = (
				A429E2522BB849290041FFFA /* ViewModel */,
				A429E24D2BB843DE0041FFFA /* Support */,
				A429E24A2BB842FF0041FFFA /* Extensions */,
				A429E2452BB841C90041FFFA /* ServiceLayer */,
				A429E23D2BB831A30041FFFA /* Model */,
				A429E23A2BB82EA10041FFFA /* Views */,
				A44D151D2BB703DD0046938F /* Preview Content */,
			);
			path = "WeatherApp-SUI";
			sourceTree = "<group>";
		};
		A44D151D2BB703DD0046938F /* Preview Content */ = {
			isa = PBXGroup;
			children = (
				A44D151E2BB703DD0046938F /* Preview Assets.xcassets */,
			);
			path = "Preview Content";
			sourceTree = "<group>";
		};
/* End PBXGroup section */

/* Begin PBXNativeTarget section */
		A44D15132BB703DA0046938F /* WeatherApp-SUI */ = {
			isa = PBXNativeTarget;
			buildConfigurationList = A44D15222BB703DD0046938F /* Build configuration list for PBXNativeTarget "WeatherApp-SUI" */;
			buildPhases = (
				A44D15102BB703DA0046938F /* Sources */,
				A44D15112BB703DA0046938F /* Frameworks */,
				A44D15122BB703DA0046938F /* Resources */,
			);
			buildRules = (
			);
			dependencies = (
			);
			name = "WeatherApp-SUI";
			productName = "WeatherApp-SUI";
			productReference = A44D15142BB703DA0046938F /* WeatherApp-SUI.app */;
			productType = "com.apple.product-type.application";
		};
/* End PBXNativeTarget section */

/* Begin PBXProject section */
		A44D150C2BB703DA0046938F /* Project object */ = {
			isa = PBXProject;
			attributes = {
				BuildIndependentTargetsInParallel = 1;
				LastSwiftUpdateCheck = 1530;
				LastUpgradeCheck = 1530;
				TargetAttributes = {
					A44D15132BB703DA0046938F = {
						CreatedOnToolsVersion = 15.3;
					};
				};
			};
			buildConfigurationList = A44D150F2BB703DA0046938F /* Build configuration list for PBXProject "WeatherApp-SUI" */;
			compatibilityVersion = "Xcode 14.0";
			developmentRegion = en;
			hasScannedForEncodings = 0;
			knownRegions = (
				en,
				Base,
			);
			mainGroup = A44D150B2BB703DA0046938F;
			productRefGroup = A44D15152BB703DA0046938F /* Products */;
			projectDirPath = "";
			projectRoot = "";
			targets = (
				A44D15132BB703DA0046938F /* WeatherApp-SUI */,
			);
		};
/* End PBXProject section */

/* Begin PBXResourcesBuildPhase section */
		A44D15122BB703DA0046938F /* Resources */ = {
			isa = PBXResourcesBuildPhase;
			buildActionMask = 2147483647;
			files = (
				A44D151F2BB703DD0046938F /* Preview Assets.xcassets in Resources */,
				A44D151C2BB703DD0046938F /* Assets.xcassets in Resources */,
			);
			runOnlyForDeploymentPostprocessing = 0;
		};
/* End PBXResourcesBuildPhase section */

/* Begin PBXSourcesBuildPhase section */
		A44D15102BB703DA0046938F /* Sources */ = {
			isa = PBXSourcesBuildPhase;
			buildActionMask = 2147483647;
			files = (
				A429E2512BB846C90041FFFA /* URLRequest+Extensions.swift in Sources */,
				A429E23C2BB82FB90041FFFA /* BackgroundView.swift in Sources */,
				A429E24C2BB843640041FFFA /* URLSession+Extensions.swift in Sources */,
				A44D151A2BB703DA0046938F /* ContentView.swift in Sources */,
				A429E23F2BB831DA0041FFFA /* CityTextView.swift in Sources */,
				A44D15182BB703DA0046938F /* WeatherApp_SUIApp.swift in Sources */,
				A429E2442BB8418C0041FFFA /* CurrentWeatherDTO.swift in Sources */,
				A429E2492BB842790041FFFA /* WeatherForecastDTO.swift in Sources */,
				A429E2472BB841DA0041FFFA /* NetworkClient.swift in Sources */,
				A429E2542BB849470041FFFA /* ContentViewViewModel.swift in Sources */,
				A44D15282BB72ACE0046938F /* WeatherButton.swift in Sources */,
				A44D15262BB715560046938F /* WeatherDayView.swift in Sources */,
				A429E2412BB832570041FFFA /* MainWeatherStatusView.swift in Sources */,
				A429E24F2BB844230041FFFA /* Constants.swift in Sources */,
			);
			runOnlyForDeploymentPostprocessing = 0;
		};
/* End PBXSourcesBuildPhase section */

/* Begin XCBuildConfiguration section */
		A44D15202BB703DD0046938F /* Debug */ = {
			isa = XCBuildConfiguration;
			buildSettings = {
				ALWAYS_SEARCH_USER_PATHS = NO;
				ASSETCATALOG_COMPILER_GENERATE_SWIFT_ASSET_SYMBOL_EXTENSIONS = YES;
				CLANG_ANALYZER_NONNULL = YES;
				CLANG_ANALYZER_NUMBER_OBJECT_CONVERSION = YES_AGGRESSIVE;
				CLANG_CXX_LANGUAGE_STANDARD = "gnu++20";
				CLANG_ENABLE_MODULES = YES;
				CLANG_ENABLE_OBJC_ARC = YES;
				CLANG_ENABLE_OBJC_WEAK = YES;
				CLANG_WARN_BLOCK_CAPTURE_AUTORELEASING = YES;
				CLANG_WARN_BOOL_CONVERSION = YES;
				CLANG_WARN_COMMA = YES;
				CLANG_WARN_CONSTANT_CONVERSION = YES;
				CLANG_WARN_DEPRECATED_OBJC_IMPLEMENTATIONS = YES;
				CLANG_WARN_DIRECT_OBJC_ISA_USAGE = YES_ERROR;
				CLANG_WARN_DOCUMENTATION_COMMENTS = YES;
				CLANG_WARN_EMPTY_BODY = YES;
				CLANG_WARN_ENUM_CONVERSION = YES;
				CLANG_WARN_INFINITE_RECURSION = YES;
				CLANG_WARN_INT_CONVERSION = YES;
				CLANG_WARN_NON_LITERAL_NULL_CONVERSION = YES;
				CLANG_WARN_OBJC_IMPLICIT_RETAIN_SELF = YES;
				CLANG_WARN_OBJC_LITERAL_CONVERSION = YES;
				CLANG_WARN_OBJC_ROOT_CLASS = YES_ERROR;
				CLANG_WARN_QUOTED_INCLUDE_IN_FRAMEWORK_HEADER = YES;
				CLANG_WARN_RANGE_LOOP_ANALYSIS = YES;
				CLANG_WARN_STRICT_PROTOTYPES = YES;
				CLANG_WARN_SUSPICIOUS_MOVE = YES;
				CLANG_WARN_UNGUARDED_AVAILABILITY = YES_AGGRESSIVE;
				CLANG_WARN_UNREACHABLE_CODE = YES;
				CLANG_WARN__DUPLICATE_METHOD_MATCH = YES;
				COPY_PHASE_STRIP = NO;
				DEBUG_INFORMATION_FORMAT = dwarf;
				ENABLE_STRICT_OBJC_MSGSEND = YES;
				ENABLE_TESTABILITY = YES;
				ENABLE_USER_SCRIPT_SANDBOXING = YES;
				GCC_C_LANGUAGE_STANDARD = gnu17;
				GCC_DYNAMIC_NO_PIC = NO;
				GCC_NO_COMMON_BLOCKS = YES;
				GCC_OPTIMIZATION_LEVEL = 0;
				GCC_PREPROCESSOR_DEFINITIONS = (
					"DEBUG=1",
					"$(inherited)",
				);
				GCC_WARN_64_TO_32_BIT_CONVERSION = YES;
				GCC_WARN_ABOUT_RETURN_TYPE = YES_ERROR;
				GCC_WARN_UNDECLARED_SELECTOR = YES;
				GCC_WARN_UNINITIALIZED_AUTOS = YES_AGGRESSIVE;
				GCC_WARN_UNUSED_FUNCTION = YES;
				GCC_WARN_UNUSED_VARIABLE = YES;
				IPHONEOS_DEPLOYMENT_TARGET = 17.4;
				LOCALIZATION_PREFERS_STRING_CATALOGS = YES;
				MTL_ENABLE_DEBUG_INFO = INCLUDE_SOURCE;
				MTL_FAST_MATH = YES;
				ONLY_ACTIVE_ARCH = YES;
				SDKROOT = iphoneos;
				SWIFT_ACTIVE_COMPILATION_CONDITIONS = "DEBUG $(inherited)";
				SWIFT_OPTIMIZATION_LEVEL = "-Onone";
			};
			name = Debug;
		};
		A44D15212BB703DD0046938F /* Release */ = {
			isa = XCBuildConfiguration;
			buildSettings = {
				ALWAYS_SEARCH_USER_PATHS = NO;
				ASSETCATALOG_COMPILER_GENERATE_SWIFT_ASSET_SYMBOL_EXTENSIONS = YES;
				CLANG_ANALYZER_NONNULL = YES;
				CLANG_ANALYZER_NUMBER_OBJECT_CONVERSION = YES_AGGRESSIVE;
				CLANG_CXX_LANGUAGE_STANDARD = "gnu++20";
				CLANG_ENABLE_MODULES = YES;
				CLANG_ENABLE_OBJC_ARC = YES;
				CLANG_ENABLE_OBJC_WEAK = YES;
				CLANG_WARN_BLOCK_CAPTURE_AUTORELEASING = YES;
				CLANG_WARN_BOOL_CONVERSION = YES;
				CLANG_WARN_COMMA = YES;
				CLANG_WARN_CONSTANT_CONVERSION = YES;
				CLANG_WARN_DEPRECATED_OBJC_IMPLEMENTATIONS = YES;
				CLANG_WARN_DIRECT_OBJC_ISA_USAGE = YES_ERROR;
				CLANG_WARN_DOCUMENTATION_COMMENTS = YES;
				CLANG_WARN_EMPTY_BODY = YES;
				CLANG_WARN_ENUM_CONVERSION = YES;
				CLANG_WARN_INFINITE_RECURSION = YES;
				CLANG_WARN_INT_CONVERSION = YES;
				CLANG_WARN_NON_LITERAL_NULL_CONVERSION = YES;
				CLANG_WARN_OBJC_IMPLICIT_RETAIN_SELF = YES;
				CLANG_WARN_OBJC_LITERAL_CONVERSION = YES;
				CLANG_WARN_OBJC_ROOT_CLASS = YES_ERROR;
				CLANG_WARN_QUOTED_INCLUDE_IN_FRAMEWORK_HEADER = YES;
				CLANG_WARN_RANGE_LOOP_ANALYSIS = YES;
				CLANG_WARN_STRICT_PROTOTYPES = YES;
				CLANG_WARN_SUSPICIOUS_MOVE = YES;
				CLANG_WARN_UNGUARDED_AVAILABILITY = YES_AGGRESSIVE;
				CLANG_WARN_UNREACHABLE_CODE = YES;
				CLANG_WARN__DUPLICATE_METHOD_MATCH = YES;
				COPY_PHASE_STRIP = NO;
				DEBUG_INFORMATION_FORMAT = "dwarf-with-dsym";
				ENABLE_NS_ASSERTIONS = NO;
				ENABLE_STRICT_OBJC_MSGSEND = YES;
				ENABLE_USER_SCRIPT_SANDBOXING = YES;
				GCC_C_LANGUAGE_STANDARD = gnu17;
				GCC_NO_COMMON_BLOCKS = YES;
				GCC_WARN_64_TO_32_BIT_CONVERSION = YES;
				GCC_WARN_ABOUT_RETURN_TYPE = YES_ERROR;
				GCC_WARN_UNDECLARED_SELECTOR = YES;
				GCC_WARN_UNINITIALIZED_AUTOS = YES_AGGRESSIVE;
				GCC_WARN_UNUSED_FUNCTION = YES;
				GCC_WARN_UNUSED_VARIABLE = YES;
				IPHONEOS_DEPLOYMENT_TARGET = 17.4;
				LOCALIZATION_PREFERS_STRING_CATALOGS = YES;
				MTL_ENABLE_DEBUG_INFO = NO;
				MTL_FAST_MATH = YES;
				SDKROOT = iphoneos;
				SWIFT_COMPILATION_MODE = wholemodule;
				VALIDATE_PRODUCT = YES;
			};
			name = Release;
		};
		A44D15232BB703DD0046938F /* Debug */ = {
			isa = XCBuildConfiguration;
			buildSettings = {
				ASSETCATALOG_COMPILER_APPICON_NAME = AppIcon;
				ASSETCATALOG_COMPILER_GLOBAL_ACCENT_COLOR_NAME = AccentColor;
				CODE_SIGN_STYLE = Automatic;
				CURRENT_PROJECT_VERSION = 1;
				DEVELOPMENT_ASSET_PATHS = "\"WeatherApp-SUI/Preview Content\"";
				DEVELOPMENT_TEAM = 82HCH9V652;
				ENABLE_PREVIEWS = YES;
				GENERATE_INFOPLIST_FILE = YES;
				INFOPLIST_KEY_UIApplicationSceneManifest_Generation = YES;
				INFOPLIST_KEY_UIApplicationSupportsIndirectInputEvents = YES;
				INFOPLIST_KEY_UILaunchScreen_Generation = YES;
				INFOPLIST_KEY_UISupportedInterfaceOrientations_iPad = "UIInterfaceOrientationPortrait UIInterfaceOrientationPortraitUpsideDown UIInterfaceOrientationLandscapeLeft UIInterfaceOrientationLandscapeRight";
				INFOPLIST_KEY_UISupportedInterfaceOrientations_iPhone = "UIInterfaceOrientationPortrait UIInterfaceOrientationLandscapeLeft UIInterfaceOrientationLandscapeRight";
				LD_RUNPATH_SEARCH_PATHS = (
					"$(inherited)",
					"@executable_path/Frameworks",
				);
				MARKETING_VERSION = 1.0;
				PRODUCT_BUNDLE_IDENTIFIER = "com.tumbersa.WeatherApp-SUI";
				PRODUCT_NAME = "$(TARGET_NAME)";
				SWIFT_EMIT_LOC_STRINGS = YES;
				SWIFT_VERSION = 5.0;
				TARGETED_DEVICE_FAMILY = "1,2";
			};
			name = Debug;
		};
		A44D15242BB703DD0046938F /* Release */ = {
			isa = XCBuildConfiguration;
			buildSettings = {
				ASSETCATALOG_COMPILER_APPICON_NAME = AppIcon;
				ASSETCATALOG_COMPILER_GLOBAL_ACCENT_COLOR_NAME = AccentColor;
				CODE_SIGN_STYLE = Automatic;
				CURRENT_PROJECT_VERSION = 1;
				DEVELOPMENT_ASSET_PATHS = "\"WeatherApp-SUI/Preview Content\"";
				DEVELOPMENT_TEAM = 82HCH9V652;
				ENABLE_PREVIEWS = YES;
				GENERATE_INFOPLIST_FILE = YES;
				INFOPLIST_KEY_UIApplicationSceneManifest_Generation = YES;
				INFOPLIST_KEY_UIApplicationSupportsIndirectInputEvents = YES;
				INFOPLIST_KEY_UILaunchScreen_Generation = YES;
				INFOPLIST_KEY_UISupportedInterfaceOrientations_iPad = "UIInterfaceOrientationPortrait UIInterfaceOrientationPortraitUpsideDown UIInterfaceOrientationLandscapeLeft UIInterfaceOrientationLandscapeRight";
				INFOPLIST_KEY_UISupportedInterfaceOrientations_iPhone = "UIInterfaceOrientationPortrait UIInterfaceOrientationLandscapeLeft UIInterfaceOrientationLandscapeRight";
				LD_RUNPATH_SEARCH_PATHS = (
					"$(inherited)",
					"@executable_path/Frameworks",
				);
				MARKETING_VERSION = 1.0;
				PRODUCT_BUNDLE_IDENTIFIER = "com.tumbersa.WeatherApp-SUI";
				PRODUCT_NAME = "$(TARGET_NAME)";
				SWIFT_EMIT_LOC_STRINGS = YES;
				SWIFT_VERSION = 5.0;
				TARGETED_DEVICE_FAMILY = "1,2";
			};
			name = Release;
		};
/* End XCBuildConfiguration section */

/* Begin XCConfigurationList section */
		A44D150F2BB703DA0046938F /* Build configuration list for PBXProject "WeatherApp-SUI" */ = {
			isa = XCConfigurationList;
			buildConfigurations = (
				A44D15202BB703DD0046938F /* Debug */,
				A44D15212BB703DD0046938F /* Release */,
			);
			defaultConfigurationIsVisible = 0;
			defaultConfigurationName = Release;
		};
		A44D15222BB703DD0046938F /* Build configuration list for PBXNativeTarget "WeatherApp-SUI" */ = {
			isa = XCConfigurationList;
			buildConfigurations = (
				A44D15232BB703DD0046938F /* Debug */,
				A44D15242BB703DD0046938F /* Release */,
			);
			defaultConfigurationIsVisible = 0;
			defaultConfigurationName = Release;
		};
/* End XCConfigurationList section */
	};
	rootObject = A44D150C2BB703DA0046938F /* Project object */;
}
